
Microsoft Visual Studio Solution File, Format Version 12.00
# Visual Studio Version 17
VisualStudioVersion = 17.2.32630.192
MinimumVisualStudioVersion = 10.0.40219.1
Project("{9A19103F-16F7-4668-BE54-9A1E7A4F7556}") = "Day01", "Day01\Day01.csproj", "{7646C0BC-64CA-43A3-83BC-589A526E853C}"
EndProject
Project("{9A19103F-16F7-4668-BE54-9A1E7A4F7556}") = "Day02", "Day02\Day02.csproj", "{AC9DFFCC-CF43-4D67-B026-B734A6A9B159}"
EndProject
Project("{9A19103F-16F7-4668-BE54-9A1E7A4F7556}") = "Day03", "Day03\Day03.csproj", "{DC744C8E-E23B-4C0E-9581-47FB0DE3F72F}"
EndProject
Project("{9A19103F-16F7-4668-BE54-9A1E7A4F7556}") = "Day04", "Day04\Day04.csproj", "{9CE31EA5-4EEE-413C-9D19-91CB72700E41}"
EndProject
Project("{FAE04EC0-301F-11D3-BF4B-00C04F79EFBC}") = "Day05", "Day05\Day05.csproj", "{88E86A6E-1C46-40B1-BFEC-1522656A0E27}"
EndProject
Global
	GlobalSection(SolutionConfigurationPlatforms) = preSolution
		Debug|Any CPU = Debug|Any CPU
		Release|Any CPU = Release|Any CPU
	EndGlobalSection
	GlobalSection(ProjectConfigurationPlatforms) = postSolution
		{7646C0BC-64CA-43A3-83BC-589A526E853C}.Debug|Any CPU.ActiveCfg = Debug|Any CPU
		{7646C0BC-64CA-43A3-83BC-589A526E853C}.Debug|Any CPU.Build.0 = Debug|Any CPU
		{7646C0BC-64CA-43A3-83BC-589A526E853C}.Release|Any CPU.ActiveCfg = Release|Any CPU
		{7646C0BC-64CA-43A3-83BC-589A526E853C}.Release|Any CPU.Build.0 = Release|Any CPU
		{AC9DFFCC-CF43-4D67-B026-B734A6A9B159}.Debug|Any CPU.ActiveCfg = Debug|Any CPU
		{AC9DFFCC-CF43-4D67-B026-B734A6A9B159}.Debug|Any CPU.Build.0 = Debug|Any CPU
		{AC9DFFCC-CF43-4D67-B026-B734A6A9B159}.Release|Any CPU.ActiveCfg = Release|Any CPU
		{AC9DFFCC-CF43-4D67-B026-B734A6A9B159}.Release|Any CPU.Build.0 = Release|Any CPU
		{DC744C8E-E23B-4C0E-9581-47FB0DE3F72F}.Debug|Any CPU.ActiveCfg = Debug|Any CPU
		{DC744C8E-E23B-4C0E-9581-47FB0DE3F72F}.Debug|Any CPU.Build.0 = Debug|Any CPU
		{DC744C8E-E23B-4C0E-9581-47FB0DE3F72F}.Release|Any CPU.ActiveCfg = Release|Any CPU
		{DC744C8E-E23B-4C0E-9581-47FB0DE3F72F}.Release|Any CPU.Build.0 = Release|Any CPU
		{9CE31EA5-4EEE-413C-9D19-91CB72700E41}.Debug|Any CPU.ActiveCfg = Debug|Any CPU
		{9CE31EA5-4EEE-413C-9D19-91CB72700E41}.Debug|Any CPU.Build.0 = Debug|Any CPU
		{9CE31EA5-4EEE-413C-9D19-91CB72700E41}.Release|Any CPU.ActiveCfg = Release|Any CPU
		{9CE31EA5-4EEE-413C-9D19-91CB72700E41}.Release|Any CPU.Build.0 = Release|Any CPU
		{88E86A6E-1C46-40B1-BFEC-1522656A0E27}.Debug|Any CPU.ActiveCfg = Debug|Any CPU
		{88E86A6E-1C46-40B1-BFEC-1522656A0E27}.Debug|Any CPU.Build.0 = Debug|Any CPU
		{88E86A6E-1C46-40B1-BFEC-1522656A0E27}.Release|Any CPU.ActiveCfg = Release|Any CPU
		{88E86A6E-1C46-40B1-BFEC-1522656A0E27}.Release|Any CPU.Build.0 = Release|Any CPU
	EndGlobalSection
	GlobalSection(SolutionProperties) = preSolution
		HideSolutionNode = FALSE
	EndGlobalSection
	GlobalSection(ExtensibilityGlobals) = postSolution
		SolutionGuid = {D99CA1D1-87BA-4581-8CD1-91C652263F64}
	EndGlobalSection
EndGlobal
